<?xml version="1.0" encoding="utf-8"?>
<Project ToolsVersion="4.0" xmlns="http://schemas.microsoft.com/developer/msbuild/2003">
  <ItemGroup>
    <ClCompile Include="Render\Camera.cpp">
      <Filter>Render</Filter>
    </ClCompile>
    <ClCompile Include="Render\Render.cpp">
      <Filter>Render</Filter>
    </ClCompile>
    <ClCompile Include="RenderUtils.cpp" />
    <ClCompile Include="main.cpp" />
    <ClCompile Include="callbacks.cpp" />
    <ClCompile Include="Particle.cpp" />
    <ClCompile Include="Projectile.cpp" />
    <ClCompile Include="ParticleSys.cpp" />
    <ClCompile Include="ParticleGen.cpp" />
    <ClCompile Include="GravityForceGen.cpp" />
    <ClCompile Include="ForceSys.cpp" />
    <ClCompile Include="WindForceGen.cpp" />
    <ClCompile Include="TorbellinoForceGen.cpp" />
    <ClCompile Include="ExplosionForce.cpp" />
    <ClCompile Include="TiroCanasta.cpp" />
    <ClCompile Include="ZonaDeVientoGen.cpp" />
    <ClCompile Include="SpringForceGen.cpp" />
    <ClCompile Include="AnchoredSpringForceGen.cpp" />
    <ClCompile Include="BuoyancyForceGen.cpp" />
  </ItemGroup>
  <ItemGroup>
    <ClInclude Include="core.hpp" />
    <ClInclude Include="Render\Camera.h">
      <Filter>Render</Filter>
    </ClInclude>
    <ClInclude Include="Render\Render.h">
      <Filter>Render</Filter>
    </ClInclude>
    <ClInclude Include="RenderUtils.hpp" />
    <ClInclude Include="callbacks.hpp" />
    <ClInclude Include="vector3D.h" />
    <ClInclude Include="Particle.h" />
    <ClInclude Include="Projectile.h" />
    <ClInclude Include="ParticleSys.h" />
    <ClInclude Include="ParticleGen.h" />
    <ClInclude Include="ForceGen.h" />
    <ClInclude Include="GravityForceGen.h" />
    <ClInclude Include="ForceSys.h" />
    <ClInclude Include="WindForceGen.h" />
    <ClInclude Include="TorbellinoForceGen.h" />
    <ClInclude Include="ExplosionForce.h" />
    <ClInclude Include="TiroCanasta.h" />
    <ClInclude Include="ZonaDeVientoGen.h" />
    <ClInclude Include="SpringForceGen.h" />
    <ClInclude Include="AnchoredSpringForceGen.h" />
    <ClInclude Include="BuoyancyForceGen.h" />
  </ItemGroup>
  <ItemGroup>
    <Filter Include="Render">
      <UniqueIdentifier>{d04b4f9f-5a69-465e-8070-25c6d0bcd3c2}</UniqueIdentifier>
    </Filter>
  </ItemGroup>
</Project>